
Microsoft Visual Studio Solution File, Format Version 12.00
# Visual Studio Version 16
VisualStudioVersion = 16.0.29318.209
MinimumVisualStudioVersion = 10.0.40219.1
Project("{9A19103F-16F7-4668-BE54-9A1E7A4F7556}") = "Ocelot.Server", "Ocelot.Server\Ocelot.Server.csproj", "{D7492979-B04C-49C6-82FF-B5CEDFF19217}"
EndProject
Project("{9A19103F-16F7-4668-BE54-9A1E7A4F7556}") = "Ocelot.WebApi", "Ocelot.WebApi\Ocelot.WebApi.csproj", "{EC6ABBE5-1FBC-4869-87FB-E7FDA0CDE93E}"
EndProject
Project("{9A19103F-16F7-4668-BE54-9A1E7A4F7556}") = "Ocelot.Web", "Ocelot.Web\Ocelot.Web.csproj", "{D7898040-22B8-4A89-96C0-A9FD503D6FCB}"
EndProject
Project("{9A19103F-16F7-4668-BE54-9A1E7A4F7556}") = "Ocelot.Common", "Ocelot.Common\Ocelot.Common.csproj", "{93D800A4-1AFC-44C3-8BED-4CC23756DA7C}"
EndProject
Project("{FAE04EC0-301F-11D3-BF4B-00C04F79EFBC}") = "Ocelot.IdentityServer", "Ocelot.IdentityServer\Ocelot.IdentityServer.csproj", "{EF29D92B-6C29-4999-B358-4EED95437489}"
EndProject
Global
	GlobalSection(SolutionConfigurationPlatforms) = preSolution
		Debug|Any CPU = Debug|Any CPU
		Release|Any CPU = Release|Any CPU
	EndGlobalSection
	GlobalSection(ProjectConfigurationPlatforms) = postSolution
		{D7492979-B04C-49C6-82FF-B5CEDFF19217}.Debug|Any CPU.ActiveCfg = Debug|Any CPU
		{D7492979-B04C-49C6-82FF-B5CEDFF19217}.Debug|Any CPU.Build.0 = Debug|Any CPU
		{D7492979-B04C-49C6-82FF-B5CEDFF19217}.Release|Any CPU.ActiveCfg = Release|Any CPU
		{D7492979-B04C-49C6-82FF-B5CEDFF19217}.Release|Any CPU.Build.0 = Release|Any CPU
		{EC6ABBE5-1FBC-4869-87FB-E7FDA0CDE93E}.Debug|Any CPU.ActiveCfg = Debug|Any CPU
		{EC6ABBE5-1FBC-4869-87FB-E7FDA0CDE93E}.Debug|Any CPU.Build.0 = Debug|Any CPU
		{EC6ABBE5-1FBC-4869-87FB-E7FDA0CDE93E}.Release|Any CPU.ActiveCfg = Release|Any CPU
		{EC6ABBE5-1FBC-4869-87FB-E7FDA0CDE93E}.Release|Any CPU.Build.0 = Release|Any CPU
		{D7898040-22B8-4A89-96C0-A9FD503D6FCB}.Debug|Any CPU.ActiveCfg = Debug|Any CPU
		{D7898040-22B8-4A89-96C0-A9FD503D6FCB}.Debug|Any CPU.Build.0 = Debug|Any CPU
		{D7898040-22B8-4A89-96C0-A9FD503D6FCB}.Release|Any CPU.ActiveCfg = Release|Any CPU
		{D7898040-22B8-4A89-96C0-A9FD503D6FCB}.Release|Any CPU.Build.0 = Release|Any CPU
		{93D800A4-1AFC-44C3-8BED-4CC23756DA7C}.Debug|Any CPU.ActiveCfg = Debug|Any CPU
		{93D800A4-1AFC-44C3-8BED-4CC23756DA7C}.Debug|Any CPU.Build.0 = Debug|Any CPU
		{93D800A4-1AFC-44C3-8BED-4CC23756DA7C}.Release|Any CPU.ActiveCfg = Release|Any CPU
		{93D800A4-1AFC-44C3-8BED-4CC23756DA7C}.Release|Any CPU.Build.0 = Release|Any CPU
		{EF29D92B-6C29-4999-B358-4EED95437489}.Debug|Any CPU.ActiveCfg = Debug|Any CPU
		{EF29D92B-6C29-4999-B358-4EED95437489}.Debug|Any CPU.Build.0 = Debug|Any CPU
		{EF29D92B-6C29-4999-B358-4EED95437489}.Release|Any CPU.ActiveCfg = Release|Any CPU
		{EF29D92B-6C29-4999-B358-4EED95437489}.Release|Any CPU.Build.0 = Release|Any CPU
	EndGlobalSection
	GlobalSection(SolutionProperties) = preSolution
		HideSolutionNode = FALSE
	EndGlobalSection
	GlobalSection(ExtensibilityGlobals) = postSolution
		SolutionGuid = {23871C5D-8544-45BC-A4CB-0535A92AFAA1}
	EndGlobalSection
EndGlobal
